
Microsoft Visual Studio Solution File, Format Version 12.00
# Visual Studio 14
VisualStudioVersion = 14.0.25420.1
MinimumVisualStudioVersion = 10.0.40219.1
Project("{8BC9CEB8-8B4A-11D0-8D11-00A0C91BC942}") = "TheWalkingDead", "TheWalkingDead\TheWalkingDead.vcxproj", "{939E0D4C-6C5D-4CBB-BEC6-0E9C318D2B58}"
EndProject
Project("{8BC9CEB8-8B4A-11D0-8D11-00A0C91BC942}") = "DynArray", "DynArray\DynArray.vcxproj", "{099A1C93-43C0-47CD-AE96-469A656CE5C8}"
EndProject
Project("{8BC9CEB8-8B4A-11D0-8D11-00A0C91BC942}") = "CoinRace", "CoinRace\CoinRace.vcxproj", "{B54A6316-9294-40EB-9243-5C989C98F233}"
EndProject
Project("{8BC9CEB8-8B4A-11D0-8D11-00A0C91BC942}") = "STLStack", "ConsoleApplication1\ConsoleApplication1.vcxproj", "{28097168-A0BF-455A-B84B-A7D74A49B908}"
EndProject
Global
	GlobalSection(SolutionConfigurationPlatforms) = preSolution
		Debug|x64 = Debug|x64
		Debug|x86 = Debug|x86
		Release|x64 = Release|x64
		Release|x86 = Release|x86
	EndGlobalSection
	GlobalSection(ProjectConfigurationPlatforms) = postSolution
		{939E0D4C-6C5D-4CBB-BEC6-0E9C318D2B58}.Debug|x64.ActiveCfg = Debug|x64
		{939E0D4C-6C5D-4CBB-BEC6-0E9C318D2B58}.Debug|x64.Build.0 = Debug|x64
		{939E0D4C-6C5D-4CBB-BEC6-0E9C318D2B58}.Debug|x86.ActiveCfg = Debug|Win32
		{939E0D4C-6C5D-4CBB-BEC6-0E9C318D2B58}.Debug|x86.Build.0 = Debug|Win32
		{939E0D4C-6C5D-4CBB-BEC6-0E9C318D2B58}.Release|x64.ActiveCfg = Release|x64
		{939E0D4C-6C5D-4CBB-BEC6-0E9C318D2B58}.Release|x64.Build.0 = Release|x64
		{939E0D4C-6C5D-4CBB-BEC6-0E9C318D2B58}.Release|x86.ActiveCfg = Release|Win32
		{939E0D4C-6C5D-4CBB-BEC6-0E9C318D2B58}.Release|x86.Build.0 = Release|Win32
		{099A1C93-43C0-47CD-AE96-469A656CE5C8}.Debug|x64.ActiveCfg = Debug|x64
		{099A1C93-43C0-47CD-AE96-469A656CE5C8}.Debug|x64.Build.0 = Debug|x64
		{099A1C93-43C0-47CD-AE96-469A656CE5C8}.Debug|x86.ActiveCfg = Debug|Win32
		{099A1C93-43C0-47CD-AE96-469A656CE5C8}.Debug|x86.Build.0 = Debug|Win32
		{099A1C93-43C0-47CD-AE96-469A656CE5C8}.Release|x64.ActiveCfg = Release|x64
		{099A1C93-43C0-47CD-AE96-469A656CE5C8}.Release|x64.Build.0 = Release|x64
		{099A1C93-43C0-47CD-AE96-469A656CE5C8}.Release|x86.ActiveCfg = Release|Win32
		{099A1C93-43C0-47CD-AE96-469A656CE5C8}.Release|x86.Build.0 = Release|Win32
		{B54A6316-9294-40EB-9243-5C989C98F233}.Debug|x64.ActiveCfg = Debug|x64
		{B54A6316-9294-40EB-9243-5C989C98F233}.Debug|x64.Build.0 = Debug|x64
		{B54A6316-9294-40EB-9243-5C989C98F233}.Debug|x86.ActiveCfg = Debug|Win32
		{B54A6316-9294-40EB-9243-5C989C98F233}.Debug|x86.Build.0 = Debug|Win32
		{B54A6316-9294-40EB-9243-5C989C98F233}.Release|x64.ActiveCfg = Release|x64
		{B54A6316-9294-40EB-9243-5C989C98F233}.Release|x64.Build.0 = Release|x64
		{B54A6316-9294-40EB-9243-5C989C98F233}.Release|x86.ActiveCfg = Release|Win32
		{B54A6316-9294-40EB-9243-5C989C98F233}.Release|x86.Build.0 = Release|Win32
		{28097168-A0BF-455A-B84B-A7D74A49B908}.Debug|x64.ActiveCfg = Debug|x64
		{28097168-A0BF-455A-B84B-A7D74A49B908}.Debug|x64.Build.0 = Debug|x64
		{28097168-A0BF-455A-B84B-A7D74A49B908}.Debug|x86.ActiveCfg = Debug|Win32
		{28097168-A0BF-455A-B84B-A7D74A49B908}.Debug|x86.Build.0 = Debug|Win32
		{28097168-A0BF-455A-B84B-A7D74A49B908}.Release|x64.ActiveCfg = Release|x64
		{28097168-A0BF-455A-B84B-A7D74A49B908}.Release|x64.Build.0 = Release|x64
		{28097168-A0BF-455A-B84B-A7D74A49B908}.Release|x86.ActiveCfg = Release|Win32
		{28097168-A0BF-455A-B84B-A7D74A49B908}.Release|x86.Build.0 = Release|Win32
	EndGlobalSection
	GlobalSection(SolutionProperties) = preSolution
		HideSolutionNode = FALSE
	EndGlobalSection
EndGlobal
